[[package]]
name = "argon2-cffi"
version = "21.3.0"
description = "The secure Argon2 password hashing algorithm."
category = "main"
optional = false
python-versions = ">=3.6"

[package.dependencies]
argon2-cffi-bindings = "*"

[package.extras]
dev = ["pre-commit", "cogapp", "tomli", "coverage[toml] (>=5.0.2)", "hypothesis", "pytest", "sphinx", "sphinx-notfound-page", "furo"]
docs = ["sphinx", "sphinx-notfound-page", "furo"]
tests = ["coverage[toml] (>=5.0.2)", "hypothesis", "pytest"]

[[package]]
name = "argon2-cffi-bindings"
version = "21.2.0"
description = "Low-level CFFI bindings for Argon2"
category = "main"
optional = false
python-versions = ">=3.6"

[package.dependencies]
cffi = ">=1.0.1"

[package.extras]
dev = ["pytest", "cogapp", "pre-commit", "wheel"]
tests = ["pytest"]

[[package]]
name = "asgiref"
version = "3.5.2"
description = "ASGI specs, helper code, and adapters"
category = "main"
optional = false
python-versions = ">=3.7"

[package.extras]
tests = ["pytest", "pytest-asyncio", "mypy (>=0.800)"]

[[package]]
name = "cffi"
version = "1.15.1"
description = "Foreign Function Interface for Python calling C code."
category = "main"
optional = false
python-versions = "*"

[package.dependencies]
pycparser = "*"

[[package]]
name = "colorama"
version = "0.4.6"
description = "Cross-platform colored terminal text."
category = "main"
optional = false
python-versions = "!=3.0.*,!=3.1.*,!=3.2.*,!=3.3.*,!=3.4.*,!=3.5.*,!=3.6.*,>=2.7"

[[package]]
name = "django"
version = "4.0.5"
description = "A high-level Python web framework that encourages rapid development and clean, pragmatic design."
category = "main"
optional = false
python-versions = ">=3.8"

[package.dependencies]
asgiref = ">=3.4.1,<4"
sqlparse = ">=0.2.2"
tzdata = {version = "*", markers = "sys_platform == \"win32\""}

[package.extras]
argon2 = ["argon2-cffi (>=19.1.0)"]
bcrypt = ["bcrypt"]

[[package]]
name = "django-otp"
version = "1.1.4"
description = "A pluggable framework for adding two-factor authentication to Django using one-time passwords."
category = "main"
optional = false
python-versions = "*"

[package.dependencies]
django = ">=2.2"

[package.extras]
qrcode = ["qrcode"]

[[package]]
name = "djangorestframework"
version = "3.13.1"
description = "Web APIs for Django, made easy."
category = "main"
optional = false
python-versions = ">=3.6"

[package.dependencies]
django = ">=2.2"
pytz = "*"

[[package]]
name = "psycopg2-binary"
version = "2.9.3"
description = "psycopg2 - Python-PostgreSQL Database Adapter"
category = "main"
optional = false
python-versions = ">=3.6"

[[package]]
name = "pycparser"
version = "2.21"
description = "C parser in Python"
category = "main"
optional = false
python-versions = ">=2.7, !=3.0.*, !=3.1.*, !=3.2.*, !=3.3.*"

[[package]]
name = "python-dotenv"
version = "0.20.0"
description = "Read key-value pairs from a .env file and set them as environment variables"
category = "main"
optional = false
python-versions = ">=3.5"

[package.extras]
cli = ["click (>=5.0)"]

[[package]]
name = "pytz"
version = "2022.1"
description = "World timezone definitions, modern and historical"
category = "main"
optional = false
python-versions = "*"

[[package]]
name = "qrcode"
version = "7.3.1"
description = "QR Code image generator"
category = "main"
optional = false
python-versions = ">=3.6"

[package.dependencies]
colorama = {version = "*", markers = "platform_system == \"Windows\""}

[package.extras]
all = ["zest.releaser", "tox", "pytest", "pytest", "pytest-cov", "pillow"]
dev = ["tox", "pytest"]
maintainer = ["zest.releaser"]
pil = ["pillow"]
test = ["pytest", "pytest-cov"]

[[package]]
name = "sqlparse"
version = "0.4.2"
description = "A non-validating SQL parser."
category = "main"
optional = false
python-versions = ">=3.5"

[[package]]
name = "tzdata"
version = "2022.1"
description = "Provider of IANA time zone data"
category = "main"
optional = false
python-versions = ">=2"

[metadata]
lock-version = "1.1"
python-versions = "^3.10"
content-hash = "4fac741ce5f090d0b8aa5402d90218e6206601eea1b6409e76c452609ce18234"

[metadata.files]
argon2-cffi = []
argon2-cffi-bindings = []
asgiref = []
cffi = []
colorama = []
django = []
django-otp = []
djangorestframework = []
psycopg2-binary = []
pycparser = []
python-dotenv = []
pytz = []
qrcode = []
sqlparse = []
tzdata = []
